<?xml version="1.0" encoding="utf-8"?>
<Project ToolsVersion="4.0" xmlns="http://schemas.microsoft.com/developer/msbuild/2003">
  <ItemGroup>
    <Filter Include="リソース ファイル">
      <UniqueIdentifier>{67DA6AB6-F800-4c08-8B7A-83BB121AAD01}</UniqueIdentifier>
      <Extensions>rc;ico;cur;bmp;dlg;rc2;rct;bin;rgs;gif;jpg;jpeg;jpe;resx;tiff;tif;png;wav;mfcribbon-ms</Extensions>
    </Filter>
    <Filter Include="MAIN">
      <UniqueIdentifier>{27a8fb78-2a0a-4018-8826-8bbfd2d60cb2}</UniqueIdentifier>
    </Filter>
    <Filter Include="CONST">
      <UniqueIdentifier>{9b0afb97-467d-4360-a658-3477d41453df}</UniqueIdentifier>
    </Filter>
    <Filter Include="DEBUG_PROC">
      <UniqueIdentifier>{ef0fe759-9524-4cc0-a1a3-8c7d09c47412}</UniqueIdentifier>
    </Filter>
    <Filter Include="MANAGER">
      <UniqueIdentifier>{48d06205-02a8-4028-8f37-070fe7c2eceb}</UniqueIdentifier>
    </Filter>
    <Filter Include="SCENE">
      <UniqueIdentifier>{e3663ac9-e02b-45d8-91c6-b2e8e20e05f8}</UniqueIdentifier>
    </Filter>
    <Filter Include="SCENE\CSCENE">
      <UniqueIdentifier>{6ff7fddb-d6d9-4785-a7b8-c05b5dda28b2}</UniqueIdentifier>
    </Filter>
    <Filter Include="INPUT">
      <UniqueIdentifier>{9ed518b5-37d9-4392-883e-131f699f534b}</UniqueIdentifier>
    </Filter>
    <Filter Include="RENDERER">
      <UniqueIdentifier>{fcd15478-4c4c-4828-a644-d8781eb7bd72}</UniqueIdentifier>
    </Filter>
    <Filter Include="CAMERA">
      <UniqueIdentifier>{c8369b40-e458-4336-aa8f-d817ab46db43}</UniqueIdentifier>
    </Filter>
    <Filter Include="FADE">
      <UniqueIdentifier>{388465db-7011-4031-8efc-94ebf203fa2d}</UniqueIdentifier>
    </Filter>
    <Filter Include="MODEL">
      <UniqueIdentifier>{e60ca241-ecec-4e76-8bf3-26097bb221a5}</UniqueIdentifier>
    </Filter>
    <Filter Include="TEXTURE">
      <UniqueIdentifier>{623f1cc2-813c-4106-9cc7-580f5e7af6bc}</UniqueIdentifier>
    </Filter>
    <Filter Include="SOUND">
      <UniqueIdentifier>{4eafb0c4-1c9f-49ac-8102-39288046dc4a}</UniqueIdentifier>
    </Filter>
    <Filter Include="JUDGE">
      <UniqueIdentifier>{692e4a8d-4f51-49cd-8be6-601fd36ce94f}</UniqueIdentifier>
    </Filter>
    <Filter Include="MATH">
      <UniqueIdentifier>{e9911cfd-20d9-4ff1-a07d-41fef58944f2}</UniqueIdentifier>
    </Filter>
    <Filter Include="PHASE">
      <UniqueIdentifier>{dc0fa4a0-2f64-4e92-9afa-cbac0051438a}</UniqueIdentifier>
    </Filter>
    <Filter Include="LIGHT">
      <UniqueIdentifier>{cea930a1-8623-4d97-9988-d5913af66db4}</UniqueIdentifier>
    </Filter>
    <Filter Include="SCENE\TITLE">
      <UniqueIdentifier>{ae433024-07fc-4458-a5d8-86177922a688}</UniqueIdentifier>
    </Filter>
    <Filter Include="SCENE\GAME">
      <UniqueIdentifier>{4e618ae1-1c75-44ae-846a-3f0eaf702881}</UniqueIdentifier>
    </Filter>
    <Filter Include="SCENE\RESULT">
      <UniqueIdentifier>{56bcd4d3-c792-4938-bde2-b64f69898733}</UniqueIdentifier>
    </Filter>
    <Filter Include="SCENE\PAUSE">
      <UniqueIdentifier>{4534b58c-9602-4534-9555-9cbf1744395c}</UniqueIdentifier>
    </Filter>
    <Filter Include="SCENE\EFFECT">
      <UniqueIdentifier>{66f78eba-f3e9-4f85-86e3-4650778a06e9}</UniqueIdentifier>
    </Filter>
    <Filter Include="SCENE\UI">
      <UniqueIdentifier>{e9dc00e5-479f-4803-968c-bae2c4c6fa46}</UniqueIdentifier>
    </Filter>
    <Filter Include="SHADER">
      <UniqueIdentifier>{f7eca0cc-d99c-40fd-9414-e5efac76994e}</UniqueIdentifier>
    </Filter>
  </ItemGroup>
  <ItemGroup>
    <ClCompile Include="sources\MAIN\main.cpp">
      <Filter>MAIN</Filter>
    </ClCompile>
    <ClCompile Include="sources\DEBUG_PROC\CDebugProc.cpp">
      <Filter>DEBUG_PROC</Filter>
    </ClCompile>
    <ClCompile Include="sources\MANAGER\CManager.cpp">
      <Filter>MANAGER</Filter>
    </ClCompile>
    <ClCompile Include="sources\RENDERER\CRenderer.cpp">
      <Filter>RENDERER</Filter>
    </ClCompile>
    <ClCompile Include="sources\SCENE\CSCENE\CScene.cpp">
      <Filter>SCENE\CSCENE</Filter>
    </ClCompile>
    <ClCompile Include="sources\SCENE\CSCENE\CScene2D.cpp">
      <Filter>SCENE\CSCENE</Filter>
    </ClCompile>
    <ClCompile Include="sources\SCENE\CSCENE\CScene3D.cpp">
      <Filter>SCENE\CSCENE</Filter>
    </ClCompile>
    <ClCompile Include="sources\SCENE\CSCENE\CSceneBillBoard.cpp">
      <Filter>SCENE\CSCENE</Filter>
    </ClCompile>
    <ClCompile Include="sources\SCENE\CSCENE\CSceneCrinder.cpp">
      <Filter>SCENE\CSCENE</Filter>
    </ClCompile>
    <ClCompile Include="sources\SCENE\CSCENE\CSceneMeshField.cpp">
      <Filter>SCENE\CSCENE</Filter>
    </ClCompile>
    <ClCompile Include="sources\SCENE\CSCENE\CSceneMeshSky.cpp">
      <Filter>SCENE\CSCENE</Filter>
    </ClCompile>
    <ClCompile Include="sources\SCENE\CSCENE\CSceneMeshWall.cpp">
      <Filter>SCENE\CSCENE</Filter>
    </ClCompile>
    <ClCompile Include="sources\SCENE\CSCENE\CSceneNumber.cpp">
      <Filter>SCENE\CSCENE</Filter>
    </ClCompile>
    <ClCompile Include="sources\SCENE\CSCENE\CSceneScore.cpp">
      <Filter>SCENE\CSCENE</Filter>
    </ClCompile>
    <ClCompile Include="sources\SCENE\CSCENE\CSceneTime.cpp">
      <Filter>SCENE\CSCENE</Filter>
    </ClCompile>
    <ClCompile Include="sources\SCENE\CSCENE\CSceneX.cpp">
      <Filter>SCENE\CSCENE</Filter>
    </ClCompile>
    <ClCompile Include="sources\INPUT\CInput.cpp">
      <Filter>INPUT</Filter>
    </ClCompile>
    <ClCompile Include="sources\INPUT\CInputGamePad.cpp">
      <Filter>INPUT</Filter>
    </ClCompile>
    <ClCompile Include="sources\INPUT\CInputKeyboard.cpp">
      <Filter>INPUT</Filter>
    </ClCompile>
    <ClCompile Include="sources\INPUT\CInputMouse.cpp">
      <Filter>INPUT</Filter>
    </ClCompile>
    <ClCompile Include="sources\CAMERA\CCamera.cpp">
      <Filter>CAMERA</Filter>
    </ClCompile>
    <ClCompile Include="sources\FADE\CFade.cpp">
      <Filter>FADE</Filter>
    </ClCompile>
    <ClCompile Include="sources\TEXTURE\CTexture.cpp">
      <Filter>TEXTURE</Filter>
    </ClCompile>
    <ClCompile Include="sources\SOUND\CSound.cpp">
      <Filter>SOUND</Filter>
    </ClCompile>
    <ClCompile Include="sources\MODEL\CModel.cpp">
      <Filter>MODEL</Filter>
    </ClCompile>
    <ClCompile Include="sources\JUDGE\CJudge.cpp">
      <Filter>JUDGE</Filter>
    </ClCompile>
    <ClCompile Include="sources\MATH\math.cpp">
      <Filter>MATH</Filter>
    </ClCompile>
    <ClCompile Include="sources\PHASE\CPhase.cpp">
      <Filter>PHASE</Filter>
    </ClCompile>
    <ClCompile Include="sources\LIGHT\CLight.cpp">
      <Filter>LIGHT</Filter>
    </ClCompile>
    <ClCompile Include="sources\SCENE\TITLE\CTitle.cpp">
      <Filter>SCENE\TITLE</Filter>
    </ClCompile>
    <ClCompile Include="sources\SCENE\RESULT\CResult.cpp">
      <Filter>SCENE\RESULT</Filter>
    </ClCompile>
    <ClCompile Include="sources\SCENE\GAME\CGame.cpp">
      <Filter>SCENE\GAME</Filter>
    </ClCompile>
    <ClCompile Include="sources\SCENE\GAME\CNowLoading.cpp">
      <Filter>SCENE\GAME</Filter>
    </ClCompile>
    <ClCompile Include="sources\SCENE\PAUSE\CPause.cpp">
      <Filter>SCENE\PAUSE</Filter>
    </ClCompile>
    <ClCompile Include="sources\SCENE\UI\CCursol.cpp">
      <Filter>SCENE\UI</Filter>
    </ClCompile>
    <ClCompile Include="sources\SCENE\UI\CNumber.cpp">
      <Filter>SCENE\UI</Filter>
    </ClCompile>
    <ClCompile Include="sources\SCENE\EFFECT\CEffect.cpp">
      <Filter>SCENE\EFFECT</Filter>
    </ClCompile>
    <ClCompile Include="sources\CAMERA\CameraManager.cpp">
      <Filter>CAMERA</Filter>
    </ClCompile>
  </ItemGroup>
  <ItemGroup>
    <ClInclude Include="sources\MAIN\main.h">
      <Filter>MAIN</Filter>
    </ClInclude>
    <ClInclude Include="sources\CONST\const.h">
      <Filter>CONST</Filter>
    </ClInclude>
    <ClInclude Include="sources\DEBUG_PROC\CDebugProc.h">
      <Filter>DEBUG_PROC</Filter>
    </ClInclude>
    <ClInclude Include="sources\MANAGER\CManager.h">
      <Filter>MANAGER</Filter>
    </ClInclude>
    <ClInclude Include="sources\RENDERER\CRenderer.h">
      <Filter>RENDERER</Filter>
    </ClInclude>
    <ClInclude Include="sources\SCENE\CSCENE\CScene.h">
      <Filter>SCENE\CSCENE</Filter>
    </ClInclude>
    <ClInclude Include="sources\SCENE\CSCENE\CScene2D.h">
      <Filter>SCENE\CSCENE</Filter>
    </ClInclude>
    <ClInclude Include="sources\SCENE\CSCENE\CScene3D.h">
      <Filter>SCENE\CSCENE</Filter>
    </ClInclude>
    <ClInclude Include="sources\SCENE\CSCENE\CSceneBillBoard.h">
      <Filter>SCENE\CSCENE</Filter>
    </ClInclude>
    <ClInclude Include="sources\SCENE\CSCENE\CSceneCrinder.h">
      <Filter>SCENE\CSCENE</Filter>
    </ClInclude>
    <ClInclude Include="sources\SCENE\CSCENE\CSceneMeshField.h">
      <Filter>SCENE\CSCENE</Filter>
    </ClInclude>
    <ClInclude Include="sources\SCENE\CSCENE\CSceneMeshSky.h">
      <Filter>SCENE\CSCENE</Filter>
    </ClInclude>
    <ClInclude Include="sources\SCENE\CSCENE\CSceneMeshWall.h">
      <Filter>SCENE\CSCENE</Filter>
    </ClInclude>
    <ClInclude Include="sources\SCENE\CSCENE\CSceneNumber.h">
      <Filter>SCENE\CSCENE</Filter>
    </ClInclude>
    <ClInclude Include="sources\SCENE\CSCENE\CSceneScore.h">
      <Filter>SCENE\CSCENE</Filter>
    </ClInclude>
    <ClInclude Include="sources\SCENE\CSCENE\CSceneTime.h">
      <Filter>SCENE\CSCENE</Filter>
    </ClInclude>
    <ClInclude Include="sources\SCENE\CSCENE\CSceneX.h">
      <Filter>SCENE\CSCENE</Filter>
    </ClInclude>
    <ClInclude Include="sources\INPUT\CInput.h">
      <Filter>INPUT</Filter>
    </ClInclude>
    <ClInclude Include="sources\INPUT\CInputGamePad.h">
      <Filter>INPUT</Filter>
    </ClInclude>
    <ClInclude Include="sources\INPUT\CInputKeyboard.h">
      <Filter>INPUT</Filter>
    </ClInclude>
    <ClInclude Include="sources\INPUT\CInputMouse.h">
      <Filter>INPUT</Filter>
    </ClInclude>
    <ClInclude Include="sources\CAMERA\CCamera.h">
      <Filter>CAMERA</Filter>
    </ClInclude>
    <ClInclude Include="sources\FADE\CFade.h">
      <Filter>FADE</Filter>
    </ClInclude>
    <ClInclude Include="sources\TEXTURE\CTexture.h">
      <Filter>TEXTURE</Filter>
    </ClInclude>
    <ClInclude Include="sources\SOUND\CSound.h">
      <Filter>SOUND</Filter>
    </ClInclude>
    <ClInclude Include="sources\MODEL\CModel.h">
      <Filter>MODEL</Filter>
    </ClInclude>
    <ClInclude Include="sources\JUDGE\CJudge.h">
      <Filter>JUDGE</Filter>
    </ClInclude>
    <ClInclude Include="sources\MATH\math.h">
      <Filter>MATH</Filter>
    </ClInclude>
    <ClInclude Include="sources\PHASE\CPhase.h">
      <Filter>PHASE</Filter>
    </ClInclude>
    <ClInclude Include="sources\LIGHT\CLight.h">
      <Filter>LIGHT</Filter>
    </ClInclude>
    <ClInclude Include="sources\SCENE\TITLE\CTitle.h">
      <Filter>SCENE\TITLE</Filter>
    </ClInclude>
    <ClInclude Include="sources\SCENE\RESULT\CResult.h">
      <Filter>SCENE\RESULT</Filter>
    </ClInclude>
    <ClInclude Include="sources\SCENE\GAME\CGame.h">
      <Filter>SCENE\GAME</Filter>
    </ClInclude>
    <ClInclude Include="sources\SCENE\GAME\CNowLoading.h">
      <Filter>SCENE\GAME</Filter>
    </ClInclude>
    <ClInclude Include="sources\SCENE\PAUSE\CPause.h">
      <Filter>SCENE\PAUSE</Filter>
    </ClInclude>
    <ClInclude Include="sources\SCENE\UI\CCursol.h">
      <Filter>SCENE\UI</Filter>
    </ClInclude>
    <ClInclude Include="sources\SCENE\UI\CNumber.h">
      <Filter>SCENE\UI</Filter>
    </ClInclude>
    <ClInclude Include="sources\SCENE\EFFECT\CEffect.h">
      <Filter>SCENE\EFFECT</Filter>
    </ClInclude>
    <ClInclude Include="sources\CAMERA\CameraManager.h">
      <Filter>CAMERA</Filter>
    </ClInclude>
  </ItemGroup>
  <ItemGroup>
    <None Include="data\SHADER\basicVS.hlsl">
      <Filter>SHADER</Filter>
    </None>
    <None Include="data\SHADER\basicPS.hlsl">
      <Filter>SHADER</Filter>
    </None>
  </ItemGroup>
</Project>